
Microsoft Visual Studio Solution File, Format Version 12.00
# Visual Studio Version 17
VisualStudioVersion = 17.13.35931.197
MinimumVisualStudioVersion = 10.0.40219.1
Project("{FAE04EC0-301F-11D3-BF4B-00C04F79EFBC}") = "EventsWebApi", "EventsWebApi\EventsWebApi.csproj", "{99D82E3C-72E7-45AD-BB87-5FC4597DF302}"
EndProject
Project("{FAE04EC0-301F-11D3-BF4B-00C04F79EFBC}") = "EventsWebApi.Tests", "EventsWebApi.Tests\EventsWebApi.Tests.csproj", "{60441974-6669-49EB-ABC1-46AD198BFCCC}"
EndProject
Global
	GlobalSection(SolutionConfigurationPlatforms) = preSolution
		Debug|Any CPU = Debug|Any CPU
		Release|Any CPU = Release|Any CPU
	EndGlobalSection
	GlobalSection(ProjectConfigurationPlatforms) = postSolution
		{99D82E3C-72E7-45AD-BB87-5FC4597DF302}.Debug|Any CPU.ActiveCfg = Debug|Any CPU
		{99D82E3C-72E7-45AD-BB87-5FC4597DF302}.Debug|Any CPU.Build.0 = Debug|Any CPU
		{99D82E3C-72E7-45AD-BB87-5FC4597DF302}.Release|Any CPU.ActiveCfg = Release|Any CPU
		{99D82E3C-72E7-45AD-BB87-5FC4597DF302}.Release|Any CPU.Build.0 = Release|Any CPU
		{60441974-6669-49EB-ABC1-46AD198BFCCC}.Debug|Any CPU.ActiveCfg = Debug|Any CPU
		{60441974-6669-49EB-ABC1-46AD198BFCCC}.Debug|Any CPU.Build.0 = Debug|Any CPU
		{60441974-6669-49EB-ABC1-46AD198BFCCC}.Release|Any CPU.ActiveCfg = Release|Any CPU
		{60441974-6669-49EB-ABC1-46AD198BFCCC}.Release|Any CPU.Build.0 = Release|Any CPU
	EndGlobalSection
	GlobalSection(SolutionProperties) = preSolution
		HideSolutionNode = FALSE
	EndGlobalSection
	GlobalSection(ExtensibilityGlobals) = postSolution
		SolutionGuid = {06880F81-ED07-40F0-8471-30088526D84A}
	EndGlobalSection
EndGlobal
